
Microsoft Visual Studio Solution File, Format Version 12.00
Project("{FAE04EC0-301F-11D3-BF4B-00C04F79EFBC}") = "sist-gestion-backend", "sist-gestion-backend\sist-gestion-backend.csproj", "{0E2F6946-4AAA-4D05-BBB9-C8C08D3F3698}"
EndProject
Project("{2150E333-8FDC-42A3-9474-1A3956D46DE8}") = "Solution Items", "Solution Items", "{163AC70E-72BC-49E1-A081-B1835FBEB62C}"
	ProjectSection(SolutionItems) = preProject
		docker-compose.yaml = docker-compose.yaml
	EndProjectSection
EndProject
Project("{FAE04EC0-301F-11D3-BF4B-00C04F79EFBC}") = "Domain", "Domain\Domain.csproj", "{B6C1824D-4FC1-46B9-85DA-EEE0F760DB70}"
EndProject
Global
	GlobalSection(SolutionConfigurationPlatforms) = preSolution
		Debug|Any CPU = Debug|Any CPU
		Release|Any CPU = Release|Any CPU
	EndGlobalSection
	GlobalSection(ProjectConfigurationPlatforms) = postSolution
		{0E2F6946-4AAA-4D05-BBB9-C8C08D3F3698}.Debug|Any CPU.ActiveCfg = Debug|Any CPU
		{0E2F6946-4AAA-4D05-BBB9-C8C08D3F3698}.Debug|Any CPU.Build.0 = Debug|Any CPU
		{0E2F6946-4AAA-4D05-BBB9-C8C08D3F3698}.Release|Any CPU.ActiveCfg = Release|Any CPU
		{0E2F6946-4AAA-4D05-BBB9-C8C08D3F3698}.Release|Any CPU.Build.0 = Release|Any CPU
		{B6C1824D-4FC1-46B9-85DA-EEE0F760DB70}.Debug|Any CPU.ActiveCfg = Debug|Any CPU
		{B6C1824D-4FC1-46B9-85DA-EEE0F760DB70}.Debug|Any CPU.Build.0 = Debug|Any CPU
		{B6C1824D-4FC1-46B9-85DA-EEE0F760DB70}.Release|Any CPU.ActiveCfg = Release|Any CPU
		{B6C1824D-4FC1-46B9-85DA-EEE0F760DB70}.Release|Any CPU.Build.0 = Release|Any CPU
	EndGlobalSection
EndGlobal
